// !$*UTF8*$!
{
	archiveVersion = 1;
	classes = {
	};
	objectVersion = 56;
	objects = {

/* Begin PBXBuildFile section */
		4B1C86A5296B228E00759BA9 /* SearchItem.swift in Sources */ = {isa = PBXBuildFile; fileRef = 4B1C86A4296B228E00759BA9 /* SearchItem.swift */; };
		4B1C86A7296B745E00759BA9 /* EmptyImage.swift in Sources */ = {isa = PBXBuildFile; fileRef = 4B1C86A6296B745E00759BA9 /* EmptyImage.swift */; };
		4B1C86AA296C3B7000759BA9 /* CachedAsyncImage in Frameworks */ = {isa = PBXBuildFile; productRef = 4B1C86A9296C3B7000759BA9 /* CachedAsyncImage */; };
		4B2D4AF12968DEE200F82DFC /* SearchScreen.swift in Sources */ = {isa = PBXBuildFile; fileRef = 4B2D4AF02968DEE200F82DFC /* SearchScreen.swift */; };
		4B2D4AF32968DF2D00F82DFC /* BookDetailsScreen.swift in Sources */ = {isa = PBXBuildFile; fileRef = 4B2D4AF22968DF2D00F82DFC /* BookDetailsScreen.swift */; };
		4B55A7A72962EF20004F5D48 /* opdsreaderApp.swift in Sources */ = {isa = PBXBuildFile; fileRef = 4B55A7A62962EF20004F5D48 /* opdsreaderApp.swift */; };
		4B55A7AC2962EF20004F5D48 /* opdsreader.xcdatamodeld in Sources */ = {isa = PBXBuildFile; fileRef = 4B55A7AA2962EF20004F5D48 /* opdsreader.xcdatamodeld */; };
		4B55A7AE2962EF20004F5D48 /* ContentView.swift in Sources */ = {isa = PBXBuildFile; fileRef = 4B55A7AD2962EF20004F5D48 /* ContentView.swift */; };
		4B55A7B02962EF21004F5D48 /* Assets.xcassets in Resources */ = {isa = PBXBuildFile; fileRef = 4B55A7AF2962EF21004F5D48 /* Assets.xcassets */; };
		4B55A7B42962EF21004F5D48 /* Preview Assets.xcassets in Resources */ = {isa = PBXBuildFile; fileRef = 4B55A7B32962EF21004F5D48 /* Preview Assets.xcassets */; };
		4B55A7BC2962F0EF004F5D48 /* ReadiumOPDS in Frameworks */ = {isa = PBXBuildFile; productRef = 4B55A7BB2962F0EF004F5D48 /* ReadiumOPDS */; };
		4B55A7C02962F70B004F5D48 /* OpdsService.swift in Sources */ = {isa = PBXBuildFile; fileRef = 4B55A7BF2962F70B004F5D48 /* OpdsService.swift */; };
		4B55A7C32962FC00004F5D48 /* SearchScreenViewModel.swift in Sources */ = {isa = PBXBuildFile; fileRef = 4B55A7C22962FC00004F5D48 /* SearchScreenViewModel.swift */; };
		4B8102112971CCB100A7BC2B /* View+Extension.swift in Sources */ = {isa = PBXBuildFile; fileRef = 4B8102102971CCB100A7BC2B /* View+Extension.swift */; };
		4B8DE05429740802008C4E23 /* MediaType+Extension.swift in Sources */ = {isa = PBXBuildFile; fileRef = 4B8DE05329740802008C4E23 /* MediaType+Extension.swift */; };
/* End PBXBuildFile section */

/* Begin PBXFileReference section */
		4B1C86A4296B228E00759BA9 /* SearchItem.swift */ = {isa = PBXFileReference; lastKnownFileType = sourcecode.swift; path = SearchItem.swift; sourceTree = "<group>"; };
		4B1C86A6296B745E00759BA9 /* EmptyImage.swift */ = {isa = PBXFileReference; lastKnownFileType = sourcecode.swift; path = EmptyImage.swift; sourceTree = "<group>"; };
		4B2D4AF02968DEE200F82DFC /* SearchScreen.swift */ = {isa = PBXFileReference; lastKnownFileType = sourcecode.swift; path = SearchScreen.swift; sourceTree = "<group>"; };
		4B2D4AF22968DF2D00F82DFC /* BookDetailsScreen.swift */ = {isa = PBXFileReference; lastKnownFileType = sourcecode.swift; path = BookDetailsScreen.swift; sourceTree = "<group>"; };
		4B55A7A32962EF20004F5D48 /* opdsreader.app */ = {isa = PBXFileReference; explicitFileType = wrapper.application; includeInIndex = 0; path = opdsreader.app; sourceTree = BUILT_PRODUCTS_DIR; };
		4B55A7A62962EF20004F5D48 /* opdsreaderApp.swift */ = {isa = PBXFileReference; lastKnownFileType = sourcecode.swift; path = opdsreaderApp.swift; sourceTree = "<group>"; };
		4B55A7AB2962EF20004F5D48 /* opdsreader.xcdatamodel */ = {isa = PBXFileReference; lastKnownFileType = wrapper.xcdatamodel; path = opdsreader.xcdatamodel; sourceTree = "<group>"; };
		4B55A7AD2962EF20004F5D48 /* ContentView.swift */ = {isa = PBXFileReference; lastKnownFileType = sourcecode.swift; path = ContentView.swift; sourceTree = "<group>"; };
		4B55A7AF2962EF21004F5D48 /* Assets.xcassets */ = {isa = PBXFileReference; lastKnownFileType = folder.assetcatalog; path = Assets.xcassets; sourceTree = "<group>"; };
		4B55A7B12962EF21004F5D48 /* opdsreader.entitlements */ = {isa = PBXFileReference; lastKnownFileType = text.plist.entitlements; path = opdsreader.entitlements; sourceTree = "<group>"; };
		4B55A7B32962EF21004F5D48 /* Preview Assets.xcassets */ = {isa = PBXFileReference; lastKnownFileType = folder.assetcatalog; path = "Preview Assets.xcassets"; sourceTree = "<group>"; };
		4B55A7BD2962F464004F5D48 /* Info.plist */ = {isa = PBXFileReference; lastKnownFileType = text.plist; path = Info.plist; sourceTree = "<group>"; };
		4B55A7BF2962F70B004F5D48 /* OpdsService.swift */ = {isa = PBXFileReference; lastKnownFileType = sourcecode.swift; path = OpdsService.swift; sourceTree = "<group>"; };
		4B55A7C22962FC00004F5D48 /* SearchScreenViewModel.swift */ = {isa = PBXFileReference; lastKnownFileType = sourcecode.swift; path = SearchScreenViewModel.swift; sourceTree = "<group>"; };
		4B8102102971CCB100A7BC2B /* View+Extension.swift */ = {isa = PBXFileReference; lastKnownFileType = sourcecode.swift; path = "View+Extension.swift"; sourceTree = "<group>"; };
		4B8DE05329740802008C4E23 /* MediaType+Extension.swift */ = {isa = PBXFileReference; lastKnownFileType = sourcecode.swift; path = "MediaType+Extension.swift"; sourceTree = "<group>"; };
/* End PBXFileReference section */

/* Begin PBXFrameworksBuildPhase section */
		4B55A7A02962EF20004F5D48 /* Frameworks */ = {
			isa = PBXFrameworksBuildPhase;
			buildActionMask = 2147483647;
			files = (
				4B55A7BC2962F0EF004F5D48 /* ReadiumOPDS in Frameworks */,
				4B1C86AA296C3B7000759BA9 /* CachedAsyncImage in Frameworks */,
			);
			runOnlyForDeploymentPostprocessing = 0;
		};
/* End PBXFrameworksBuildPhase section */

/* Begin PBXGroup section */
		4B1C86A3296B227B00759BA9 /* Components */ = {
			isa = PBXGroup;
			children = (
				4B1C86A4296B228E00759BA9 /* SearchItem.swift */,
				4B1C86A6296B745E00759BA9 /* EmptyImage.swift */,
			);
			path = Components;
			sourceTree = "<group>";
		};
		4B2D4AEF2968DECE00F82DFC /* Screens */ = {
			isa = PBXGroup;
			children = (
				4B2D4AF02968DEE200F82DFC /* SearchScreen.swift */,
				4B2D4AF22968DF2D00F82DFC /* BookDetailsScreen.swift */,
			);
			path = Screens;
			sourceTree = "<group>";
		};
		4B55A79A2962EF20004F5D48 = {
			isa = PBXGroup;
			children = (
				4B55A7A52962EF20004F5D48 /* opdsreader */,
				4B55A7A42962EF20004F5D48 /* Products */,
			);
			sourceTree = "<group>";
		};
		4B55A7A42962EF20004F5D48 /* Products */ = {
			isa = PBXGroup;
			children = (
				4B55A7A32962EF20004F5D48 /* opdsreader.app */,
			);
			name = Products;
			sourceTree = "<group>";
		};
		4B55A7A52962EF20004F5D48 /* opdsreader */ = {
			isa = PBXGroup;
			children = (
				4B81020F2971CC8C00A7BC2B /* Extensions */,
				4B1C86A3296B227B00759BA9 /* Components */,
				4B2D4AEF2968DECE00F82DFC /* Screens */,
				4B55A7C12962FBE0004F5D48 /* ViewModels */,
				4B55A7BE2962F6F8004F5D48 /* Services */,
				4B55A7BD2962F464004F5D48 /* Info.plist */,
				4B55A7A62962EF20004F5D48 /* opdsreaderApp.swift */,
				4B55A7AD2962EF20004F5D48 /* ContentView.swift */,
				4B55A7AF2962EF21004F5D48 /* Assets.xcassets */,
				4B55A7B12962EF21004F5D48 /* opdsreader.entitlements */,
				4B55A7AA2962EF20004F5D48 /* opdsreader.xcdatamodeld */,
				4B55A7B22962EF21004F5D48 /* Preview Content */,
			);
			path = opdsreader;
			sourceTree = "<group>";
		};
		4B55A7B22962EF21004F5D48 /* Preview Content */ = {
			isa = PBXGroup;
			children = (
				4B55A7B32962EF21004F5D48 /* Preview Assets.xcassets */,
			);
			path = "Preview Content";
			sourceTree = "<group>";
		};
		4B55A7BE2962F6F8004F5D48 /* Services */ = {
			isa = PBXGroup;
			children = (
				4B55A7BF2962F70B004F5D48 /* OpdsService.swift */,
			);
			path = Services;
			sourceTree = "<group>";
		};
		4B55A7C12962FBE0004F5D48 /* ViewModels */ = {
			isa = PBXGroup;
			children = (
				4B55A7C22962FC00004F5D48 /* SearchScreenViewModel.swift */,
			);
			path = ViewModels;
			sourceTree = "<group>";
		};
		4B81020F2971CC8C00A7BC2B /* Extensions */ = {
			isa = PBXGroup;
			children = (
				4B8102102971CCB100A7BC2B /* View+Extension.swift */,
				4B8DE05329740802008C4E23 /* MediaType+Extension.swift */,
			);
			path = Extensions;
			sourceTree = "<group>";
		};
/* End PBXGroup section */

/* Begin PBXNativeTarget section */
		4B55A7A22962EF20004F5D48 /* opdsreader */ = {
			isa = PBXNativeTarget;
			buildConfigurationList = 4B55A7B72962EF21004F5D48 /* Build configuration list for PBXNativeTarget "opdsreader" */;
			buildPhases = (
				4B55A79F2962EF20004F5D48 /* Sources */,
				4B55A7A02962EF20004F5D48 /* Frameworks */,
				4B55A7A12962EF20004F5D48 /* Resources */,
			);
			buildRules = (
			);
			dependencies = (
			);
			name = opdsreader;
			packageProductDependencies = (
				4B55A7BB2962F0EF004F5D48 /* ReadiumOPDS */,
				4B1C86A9296C3B7000759BA9 /* CachedAsyncImage */,
			);
			productName = opdsreader;
			productReference = 4B55A7A32962EF20004F5D48 /* opdsreader.app */;
			productType = "com.apple.product-type.application";
		};
/* End PBXNativeTarget section */

/* Begin PBXProject section */
		4B55A79B2962EF20004F5D48 /* Project object */ = {
			isa = PBXProject;
			attributes = {
				BuildIndependentTargetsInParallel = 1;
				LastSwiftUpdateCheck = 1400;
				LastUpgradeCheck = 1400;
				TargetAttributes = {
					4B55A7A22962EF20004F5D48 = {
						CreatedOnToolsVersion = 14.0;
					};
				};
			};
			buildConfigurationList = 4B55A79E2962EF20004F5D48 /* Build configuration list for PBXProject "opdsreader" */;
			compatibilityVersion = "Xcode 14.0";
			developmentRegion = en;
			hasScannedForEncodings = 0;
			knownRegions = (
				en,
				Base,
			);
			mainGroup = 4B55A79A2962EF20004F5D48;
			packageReferences = (
				4B55A7BA2962F0EF004F5D48 /* XCRemoteSwiftPackageReference "swift-toolkit" */,
				4B1C86A8296C3B7000759BA9 /* XCRemoteSwiftPackageReference "swiftui-cached-async-image" */,
			);
			productRefGroup = 4B55A7A42962EF20004F5D48 /* Products */;
			projectDirPath = "";
			projectRoot = "";
			targets = (
				4B55A7A22962EF20004F5D48 /* opdsreader */,
			);
		};
/* End PBXProject section */

/* Begin PBXResourcesBuildPhase section */
		4B55A7A12962EF20004F5D48 /* Resources */ = {
			isa = PBXResourcesBuildPhase;
			buildActionMask = 2147483647;
			files = (
				4B55A7B42962EF21004F5D48 /* Preview Assets.xcassets in Resources */,
				4B55A7B02962EF21004F5D48 /* Assets.xcassets in Resources */,
			);
			runOnlyForDeploymentPostprocessing = 0;
		};
/* End PBXResourcesBuildPhase section */

/* Begin PBXSourcesBuildPhase section */
		4B55A79F2962EF20004F5D48 /* Sources */ = {
			isa = PBXSourcesBuildPhase;
			buildActionMask = 2147483647;
			files = (
				4B1C86A5296B228E00759BA9 /* SearchItem.swift in Sources */,
				4B55A7AC2962EF20004F5D48 /* opdsreader.xcdatamodeld in Sources */,
				4B8102112971CCB100A7BC2B /* View+Extension.swift in Sources */,
				4B55A7A72962EF20004F5D48 /* opdsreaderApp.swift in Sources */,
				4B8DE05429740802008C4E23 /* MediaType+Extension.swift in Sources */,
				4B55A7AE2962EF20004F5D48 /* ContentView.swift in Sources */,
				4B2D4AF32968DF2D00F82DFC /* BookDetailsScreen.swift in Sources */,
				4B55A7C32962FC00004F5D48 /* SearchScreenViewModel.swift in Sources */,
				4B1C86A7296B745E00759BA9 /* EmptyImage.swift in Sources */,
				4B55A7C02962F70B004F5D48 /* OpdsService.swift in Sources */,
				4B2D4AF12968DEE200F82DFC /* SearchScreen.swift in Sources */,
			);
			runOnlyForDeploymentPostprocessing = 0;
		};
/* End PBXSourcesBuildPhase section */

/* Begin XCBuildConfiguration section */
		4B55A7B52962EF21004F5D48 /* Debug */ = {
			isa = XCBuildConfiguration;
			buildSettings = {
				ALWAYS_SEARCH_USER_PATHS = NO;
				CLANG_ANALYZER_NONNULL = YES;
				CLANG_ANALYZER_NUMBER_OBJECT_CONVERSION = YES_AGGRESSIVE;
				CLANG_CXX_LANGUAGE_STANDARD = "gnu++20";
				CLANG_ENABLE_MODULES = YES;
				CLANG_ENABLE_OBJC_ARC = YES;
				CLANG_ENABLE_OBJC_WEAK = YES;
				CLANG_WARN_BLOCK_CAPTURE_AUTORELEASING = YES;
				CLANG_WARN_BOOL_CONVERSION = YES;
				CLANG_WARN_COMMA = YES;
				CLANG_WARN_CONSTANT_CONVERSION = YES;
				CLANG_WARN_DEPRECATED_OBJC_IMPLEMENTATIONS = YES;
				CLANG_WARN_DIRECT_OBJC_ISA_USAGE = YES_ERROR;
				CLANG_WARN_DOCUMENTATION_COMMENTS = YES;
				CLANG_WARN_EMPTY_BODY = YES;
				CLANG_WARN_ENUM_CONVERSION = YES;
				CLANG_WARN_INFINITE_RECURSION = YES;
				CLANG_WARN_INT_CONVERSION = YES;
				CLANG_WARN_NON_LITERAL_NULL_CONVERSION = YES;
				CLANG_WARN_OBJC_IMPLICIT_RETAIN_SELF = YES;
				CLANG_WARN_OBJC_LITERAL_CONVERSION = YES;
				CLANG_WARN_OBJC_ROOT_CLASS = YES_ERROR;
				CLANG_WARN_QUOTED_INCLUDE_IN_FRAMEWORK_HEADER = YES;
				CLANG_WARN_RANGE_LOOP_ANALYSIS = YES;
				CLANG_WARN_STRICT_PROTOTYPES = YES;
				CLANG_WARN_SUSPICIOUS_MOVE = YES;
				CLANG_WARN_UNGUARDED_AVAILABILITY = YES_AGGRESSIVE;
				CLANG_WARN_UNREACHABLE_CODE = YES;
				CLANG_WARN__DUPLICATE_METHOD_MATCH = YES;
				COPY_PHASE_STRIP = NO;
				DEBUG_INFORMATION_FORMAT = dwarf;
				ENABLE_STRICT_OBJC_MSGSEND = YES;
				ENABLE_TESTABILITY = YES;
				GCC_C_LANGUAGE_STANDARD = gnu11;
				GCC_DYNAMIC_NO_PIC = NO;
				GCC_NO_COMMON_BLOCKS = YES;
				GCC_OPTIMIZATION_LEVEL = 0;
				GCC_PREPROCESSOR_DEFINITIONS = (
					"DEBUG=1",
					"$(inherited)",
				);
				GCC_WARN_64_TO_32_BIT_CONVERSION = YES;
				GCC_WARN_ABOUT_RETURN_TYPE = YES_ERROR;
				GCC_WARN_UNDECLARED_SELECTOR = YES;
				GCC_WARN_UNINITIALIZED_AUTOS = YES_AGGRESSIVE;
				GCC_WARN_UNUSED_FUNCTION = YES;
				GCC_WARN_UNUSED_VARIABLE = YES;
				MTL_ENABLE_DEBUG_INFO = INCLUDE_SOURCE;
				MTL_FAST_MATH = YES;
				ONLY_ACTIVE_ARCH = YES;
				SWIFT_ACTIVE_COMPILATION_CONDITIONS = DEBUG;
				SWIFT_OPTIMIZATION_LEVEL = "-Onone";
			};
			name = Debug;
		};
		4B55A7B62962EF21004F5D48 /* Release */ = {
			isa = XCBuildConfiguration;
			buildSettings = {
				ALWAYS_SEARCH_USER_PATHS = NO;
				CLANG_ANALYZER_NONNULL = YES;
				CLANG_ANALYZER_NUMBER_OBJECT_CONVERSION = YES_AGGRESSIVE;
				CLANG_CXX_LANGUAGE_STANDARD = "gnu++20";
				CLANG_ENABLE_MODULES = YES;
				CLANG_ENABLE_OBJC_ARC = YES;
				CLANG_ENABLE_OBJC_WEAK = YES;
				CLANG_WARN_BLOCK_CAPTURE_AUTORELEASING = YES;
				CLANG_WARN_BOOL_CONVERSION = YES;
				CLANG_WARN_COMMA = YES;
				CLANG_WARN_CONSTANT_CONVERSION = YES;
				CLANG_WARN_DEPRECATED_OBJC_IMPLEMENTATIONS = YES;
				CLANG_WARN_DIRECT_OBJC_ISA_USAGE = YES_ERROR;
				CLANG_WARN_DOCUMENTATION_COMMENTS = YES;
				CLANG_WARN_EMPTY_BODY = YES;
				CLANG_WARN_ENUM_CONVERSION = YES;
				CLANG_WARN_INFINITE_RECURSION = YES;
				CLANG_WARN_INT_CONVERSION = YES;
				CLANG_WARN_NON_LITERAL_NULL_CONVERSION = YES;
				CLANG_WARN_OBJC_IMPLICIT_RETAIN_SELF = YES;
				CLANG_WARN_OBJC_LITERAL_CONVERSION = YES;
				CLANG_WARN_OBJC_ROOT_CLASS = YES_ERROR;
				CLANG_WARN_QUOTED_INCLUDE_IN_FRAMEWORK_HEADER = YES;
				CLANG_WARN_RANGE_LOOP_ANALYSIS = YES;
				CLANG_WARN_STRICT_PROTOTYPES = YES;
				CLANG_WARN_SUSPICIOUS_MOVE = YES;
				CLANG_WARN_UNGUARDED_AVAILABILITY = YES_AGGRESSIVE;
				CLANG_WARN_UNREACHABLE_CODE = YES;
				CLANG_WARN__DUPLICATE_METHOD_MATCH = YES;
				COPY_PHASE_STRIP = NO;
				DEBUG_INFORMATION_FORMAT = "dwarf-with-dsym";
				ENABLE_NS_ASSERTIONS = NO;
				ENABLE_STRICT_OBJC_MSGSEND = YES;
				GCC_C_LANGUAGE_STANDARD = gnu11;
				GCC_NO_COMMON_BLOCKS = YES;
				GCC_WARN_64_TO_32_BIT_CONVERSION = YES;
				GCC_WARN_ABOUT_RETURN_TYPE = YES_ERROR;
				GCC_WARN_UNDECLARED_SELECTOR = YES;
				GCC_WARN_UNINITIALIZED_AUTOS = YES_AGGRESSIVE;
				GCC_WARN_UNUSED_FUNCTION = YES;
				GCC_WARN_UNUSED_VARIABLE = YES;
				MTL_ENABLE_DEBUG_INFO = NO;
				MTL_FAST_MATH = YES;
				SWIFT_COMPILATION_MODE = wholemodule;
				SWIFT_OPTIMIZATION_LEVEL = "-O";
			};
			name = Release;
		};
		4B55A7B82962EF21004F5D48 /* Debug */ = {
			isa = XCBuildConfiguration;
			buildSettings = {
				ASSETCATALOG_COMPILER_APPICON_NAME = AppIcon;
				ASSETCATALOG_COMPILER_GLOBAL_ACCENT_COLOR_NAME = AccentColor;
				CODE_SIGN_ENTITLEMENTS = opdsreader/opdsreader.entitlements;
				CODE_SIGN_STYLE = Automatic;
				CURRENT_PROJECT_VERSION = 1;
				DEVELOPMENT_ASSET_PATHS = "\"opdsreader/Preview Content\"";
				ENABLE_HARDENED_RUNTIME = YES;
				ENABLE_PREVIEWS = YES;
				GENERATE_INFOPLIST_FILE = YES;
				INFOPLIST_FILE = opdsreader/Info.plist;
				INFOPLIST_KEY_LSApplicationCategoryType = "";
				"INFOPLIST_KEY_UIApplicationSceneManifest_Generation[sdk=iphoneos*]" = YES;
				"INFOPLIST_KEY_UIApplicationSceneManifest_Generation[sdk=iphonesimulator*]" = YES;
				"INFOPLIST_KEY_UIApplicationSupportsIndirectInputEvents[sdk=iphoneos*]" = YES;
				"INFOPLIST_KEY_UIApplicationSupportsIndirectInputEvents[sdk=iphonesimulator*]" = YES;
				"INFOPLIST_KEY_UILaunchScreen_Generation[sdk=iphoneos*]" = YES;
				"INFOPLIST_KEY_UILaunchScreen_Generation[sdk=iphonesimulator*]" = YES;
				"INFOPLIST_KEY_UIStatusBarStyle[sdk=iphoneos*]" = UIStatusBarStyleDefault;
				"INFOPLIST_KEY_UIStatusBarStyle[sdk=iphonesimulator*]" = UIStatusBarStyleDefault;
				INFOPLIST_KEY_UISupportedInterfaceOrientations_iPad = "UIInterfaceOrientationPortrait UIInterfaceOrientationPortraitUpsideDown UIInterfaceOrientationLandscapeLeft UIInterfaceOrientationLandscapeRight";
				INFOPLIST_KEY_UISupportedInterfaceOrientations_iPhone = "UIInterfaceOrientationPortrait UIInterfaceOrientationLandscapeLeft UIInterfaceOrientationLandscapeRight";
				IPHONEOS_DEPLOYMENT_TARGET = 16.0;
				LD_RUNPATH_SEARCH_PATHS = "@executable_path/Frameworks";
				"LD_RUNPATH_SEARCH_PATHS[sdk=macosx*]" = "@executable_path/../Frameworks";
				MACOSX_DEPLOYMENT_TARGET = 12.3;
				MARKETING_VERSION = 1.0;
				PRODUCT_BUNDLE_IDENTIFIER = raccoon.apps.opdsreader;
				PRODUCT_NAME = "$(TARGET_NAME)";
				SDKROOT = auto;
				SUPPORTED_PLATFORMS = "iphoneos iphonesimulator macosx";
				SWIFT_EMIT_LOC_STRINGS = YES;
				SWIFT_VERSION = 5.0;
				TARGETED_DEVICE_FAMILY = "1,2";
			};
			name = Debug;
		};
		4B55A7B92962EF21004F5D48 /* Release */ = {
			isa = XCBuildConfiguration;
			buildSettings = {
				ASSETCATALOG_COMPILER_APPICON_NAME = AppIcon;
				ASSETCATALOG_COMPILER_GLOBAL_ACCENT_COLOR_NAME = AccentColor;
				CODE_SIGN_ENTITLEMENTS = opdsreader/opdsreader.entitlements;
				CODE_SIGN_STYLE = Automatic;
				CURRENT_PROJECT_VERSION = 1;
				DEVELOPMENT_ASSET_PATHS = "\"opdsreader/Preview Content\"";
				ENABLE_HARDENED_RUNTIME = YES;
				ENABLE_PREVIEWS = YES;
				GENERATE_INFOPLIST_FILE = YES;
				INFOPLIST_FILE = opdsreader/Info.plist;
				INFOPLIST_KEY_LSApplicationCategoryType = "";
				"INFOPLIST_KEY_UIApplicationSceneManifest_Generation[sdk=iphoneos*]" = YES;
				"INFOPLIST_KEY_UIApplicationSceneManifest_Generation[sdk=iphonesimulator*]" = YES;
				"INFOPLIST_KEY_UIApplicationSupportsIndirectInputEvents[sdk=iphoneos*]" = YES;
				"INFOPLIST_KEY_UIApplicationSupportsIndirectInputEvents[sdk=iphonesimulator*]" = YES;
				"INFOPLIST_KEY_UILaunchScreen_Generation[sdk=iphoneos*]" = YES;
				"INFOPLIST_KEY_UILaunchScreen_Generation[sdk=iphonesimulator*]" = YES;
				"INFOPLIST_KEY_UIStatusBarStyle[sdk=iphoneos*]" = UIStatusBarStyleDefault;
				"INFOPLIST_KEY_UIStatusBarStyle[sdk=iphonesimulator*]" = UIStatusBarStyleDefault;
				INFOPLIST_KEY_UISupportedInterfaceOrientations_iPad = "UIInterfaceOrientationPortrait UIInterfaceOrientationPortraitUpsideDown UIInterfaceOrientationLandscapeLeft UIInterfaceOrientationLandscapeRight";
				INFOPLIST_KEY_UISupportedInterfaceOrientations_iPhone = "UIInterfaceOrientationPortrait UIInterfaceOrientationLandscapeLeft UIInterfaceOrientationLandscapeRight";
				IPHONEOS_DEPLOYMENT_TARGET = 16.0;
				LD_RUNPATH_SEARCH_PATHS = "@executable_path/Frameworks";
				"LD_RUNPATH_SEARCH_PATHS[sdk=macosx*]" = "@executable_path/../Frameworks";
				MACOSX_DEPLOYMENT_TARGET = 12.3;
				MARKETING_VERSION = 1.0;
				PRODUCT_BUNDLE_IDENTIFIER = raccoon.apps.opdsreader;
				PRODUCT_NAME = "$(TARGET_NAME)";
				SDKROOT = auto;
				SUPPORTED_PLATFORMS = "iphoneos iphonesimulator macosx";
				SWIFT_EMIT_LOC_STRINGS = YES;
				SWIFT_VERSION = 5.0;
				TARGETED_DEVICE_FAMILY = "1,2";
			};
			name = Release;
		};
/* End XCBuildConfiguration section */

/* Begin XCConfigurationList section */
		4B55A79E2962EF20004F5D48 /* Build configuration list for PBXProject "opdsreader" */ = {
			isa = XCConfigurationList;
			buildConfigurations = (
				4B55A7B52962EF21004F5D48 /* Debug */,
				4B55A7B62962EF21004F5D48 /* Release */,
			);
			defaultConfigurationIsVisible = 0;
			defaultConfigurationName = Release;
		};
		4B55A7B72962EF21004F5D48 /* Build configuration list for PBXNativeTarget "opdsreader" */ = {
			isa = XCConfigurationList;
			buildConfigurations = (
				4B55A7B82962EF21004F5D48 /* Debug */,
				4B55A7B92962EF21004F5D48 /* Release */,
			);
			defaultConfigurationIsVisible = 0;
			defaultConfigurationName = Release;
		};
/* End XCConfigurationList section */

/* Begin XCRemoteSwiftPackageReference section */
		4B1C86A8296C3B7000759BA9 /* XCRemoteSwiftPackageReference "swiftui-cached-async-image" */ = {
			isa = XCRemoteSwiftPackageReference;
			repositoryURL = "https://github.com/lorenzofiamingo/swiftui-cached-async-image";
			requirement = {
				kind = upToNextMajorVersion;
				minimumVersion = 2.0.0;
			};
		};
		4B55A7BA2962F0EF004F5D48 /* XCRemoteSwiftPackageReference "swift-toolkit" */ = {
			isa = XCRemoteSwiftPackageReference;
			repositoryURL = "https://github.com/readium/swift-toolkit.git";
			requirement = {
				kind = upToNextMajorVersion;
				minimumVersion = 2.0.0;
			};
		};
/* End XCRemoteSwiftPackageReference section */

/* Begin XCSwiftPackageProductDependency section */
		4B1C86A9296C3B7000759BA9 /* CachedAsyncImage */ = {
			isa = XCSwiftPackageProductDependency;
			package = 4B1C86A8296C3B7000759BA9 /* XCRemoteSwiftPackageReference "swiftui-cached-async-image" */;
			productName = CachedAsyncImage;
		};
		4B55A7BB2962F0EF004F5D48 /* ReadiumOPDS */ = {
			isa = XCSwiftPackageProductDependency;
			package = 4B55A7BA2962F0EF004F5D48 /* XCRemoteSwiftPackageReference "swift-toolkit" */;
			productName = ReadiumOPDS;
		};
/* End XCSwiftPackageProductDependency section */

/* Begin XCVersionGroup section */
		4B55A7AA2962EF20004F5D48 /* opdsreader.xcdatamodeld */ = {
			isa = XCVersionGroup;
			children = (
				4B55A7AB2962EF20004F5D48 /* opdsreader.xcdatamodel */,
			);
			currentVersion = 4B55A7AB2962EF20004F5D48 /* opdsreader.xcdatamodel */;
			path = opdsreader.xcdatamodeld;
			sourceTree = "<group>";
			versionGroupType = wrapper.xcdatamodel;
		};
/* End XCVersionGroup section */
	};
	rootObject = 4B55A79B2962EF20004F5D48 /* Project object */;
}
